
Microsoft Visual Studio Solution File, Format Version 12.00
# Visual Studio Version 16
VisualStudioVersion = 16.0.33027.164
MinimumVisualStudioVersion = 10.0.40219.1
Project("{FAE04EC0-301F-11D3-BF4B-00C04F79EFBC}") = "LARocks.ChannelAdvisor", "LARocks.ChannelAdvisor\LARocks.ChannelAdvisor.csproj", "{B6A86D14-06AF-4515-8B30-EE1BB4A2327C}"
EndProject
Project("{FAE04EC0-301F-11D3-BF4B-00C04F79EFBC}") = "LARocks.ChannelAdvisor.EdiFileProcessor", "LARocks.ChannelAdvisor.EdiFileProcessor\LARocks.ChannelAdvisor.EdiFileProcessor.csproj", "{6F68A962-1053-4D54-8F30-E3532303767D}"
EndProject
Project("{FAE04EC0-301F-11D3-BF4B-00C04F79EFBC}") = "LARocks.ChannelAdvisor.Api", "LARocks.ChannelAdvisor.Api\LARocks.ChannelAdvisor.Api.csproj", "{F10F674C-3C0F-4395-B92C-80D37F94D022}"
EndProject
Project("{FAE04EC0-301F-11D3-BF4B-00C04F79EFBC}") = "LARocks.ChannelAdvisor.BusinessObjects", "LARocks.ChannelAdvisor.BusinessObjects\LARocks.ChannelAdvisor.BusinessObjects.csproj", "{054B05AB-7483-42D3-ADDD-C6B6C895098B}"
EndProject
Global
	GlobalSection(SolutionConfigurationPlatforms) = preSolution
		Debug|Any CPU = Debug|Any CPU
		Release|Any CPU = Release|Any CPU
	EndGlobalSection
	GlobalSection(ProjectConfigurationPlatforms) = postSolution
		{B6A86D14-06AF-4515-8B30-EE1BB4A2327C}.Debug|Any CPU.ActiveCfg = Debug|Any CPU
		{B6A86D14-06AF-4515-8B30-EE1BB4A2327C}.Debug|Any CPU.Build.0 = Debug|Any CPU
		{B6A86D14-06AF-4515-8B30-EE1BB4A2327C}.Release|Any CPU.ActiveCfg = Release|Any CPU
		{B6A86D14-06AF-4515-8B30-EE1BB4A2327C}.Release|Any CPU.Build.0 = Release|Any CPU
		{6F68A962-1053-4D54-8F30-E3532303767D}.Debug|Any CPU.ActiveCfg = Debug|Any CPU
		{6F68A962-1053-4D54-8F30-E3532303767D}.Debug|Any CPU.Build.0 = Debug|Any CPU
		{6F68A962-1053-4D54-8F30-E3532303767D}.Release|Any CPU.ActiveCfg = Release|Any CPU
		{6F68A962-1053-4D54-8F30-E3532303767D}.Release|Any CPU.Build.0 = Release|Any CPU
		{F10F674C-3C0F-4395-B92C-80D37F94D022}.Debug|Any CPU.ActiveCfg = Debug|Any CPU
		{F10F674C-3C0F-4395-B92C-80D37F94D022}.Debug|Any CPU.Build.0 = Debug|Any CPU
		{F10F674C-3C0F-4395-B92C-80D37F94D022}.Release|Any CPU.ActiveCfg = Release|Any CPU
		{F10F674C-3C0F-4395-B92C-80D37F94D022}.Release|Any CPU.Build.0 = Release|Any CPU
		{054B05AB-7483-42D3-ADDD-C6B6C895098B}.Debug|Any CPU.ActiveCfg = Debug|Any CPU
		{054B05AB-7483-42D3-ADDD-C6B6C895098B}.Debug|Any CPU.Build.0 = Debug|Any CPU
		{054B05AB-7483-42D3-ADDD-C6B6C895098B}.Release|Any CPU.ActiveCfg = Release|Any CPU
		{054B05AB-7483-42D3-ADDD-C6B6C895098B}.Release|Any CPU.Build.0 = Release|Any CPU
	EndGlobalSection
	GlobalSection(SolutionProperties) = preSolution
		HideSolutionNode = FALSE
	EndGlobalSection
	GlobalSection(ExtensibilityGlobals) = postSolution
		SolutionGuid = {1D7E4F40-F7C0-49E1-B08A-63B31BA5A842}
	EndGlobalSection
EndGlobal
